// !$*UTF8*$!
{
	archiveVersion = 1;
	classes = {
	};
	objectVersion = 46;
	objects = {

/* Begin PBXBuildFile section */
		EC11C3AE18981F0600F7EC2E /* FichaViewController.m in Sources */ = {isa = PBXBuildFile; fileRef = EC11C3AD18981F0600F7EC2E /* FichaViewController.m */; };
		EC1693F1189FEB030055311B /* LoadUserViewController.m in Sources */ = {isa = PBXBuildFile; fileRef = EC1693F0189FEB030055311B /* LoadUserViewController.m */; };
		EC1693F718A006540055311B /* AddNameViewController.m in Sources */ = {isa = PBXBuildFile; fileRef = EC1693F618A006540055311B /* AddNameViewController.m */; };
		EC1693FA18A007570055311B /* AddSexViewController.m in Sources */ = {isa = PBXBuildFile; fileRef = EC1693F918A007570055311B /* AddSexViewController.m */; };
		EC1693FD18A017D90055311B /* AddBirthdayViewController.m in Sources */ = {isa = PBXBuildFile; fileRef = EC1693FC18A017D90055311B /* AddBirthdayViewController.m */; };
		EC1BE46E18A4FB2900B62AB6 /* TreinoFinalizadoViewController.m in Sources */ = {isa = PBXBuildFile; fileRef = EC1BE46D18A4FB2900B62AB6 /* TreinoFinalizadoViewController.m */; };
		EC1BE47118A4FF7900B62AB6 /* EditarExercicioViewController.m in Sources */ = {isa = PBXBuildFile; fileRef = EC1BE47018A4FF7900B62AB6 /* EditarExercicioViewController.m */; };
		EC2BC9E518A3E94400ECD6A9 /* ExerciciosTemporarios.m in Sources */ = {isa = PBXBuildFile; fileRef = EC2BC9E418A3E94400ECD6A9 /* ExerciciosTemporarios.m */; };
		EC2BC9E818A3F31C00ECD6A9 /* ExibeExercicioViewController.m in Sources */ = {isa = PBXBuildFile; fileRef = EC2BC9E718A3F31C00ECD6A9 /* ExibeExercicioViewController.m */; };
		EC2BC9EE18A3FEEA00ECD6A9 /* IniciarTreinoCell.m in Sources */ = {isa = PBXBuildFile; fileRef = EC2BC9ED18A3FEEA00ECD6A9 /* IniciarTreinoCell.m */; };
		EC322985189911DE009C34C1 /* CategoriaViewController.m in Sources */ = {isa = PBXBuildFile; fileRef = EC322984189911DE009C34C1 /* CategoriaViewController.m */; };
		EC32298818992690009C34C1 /* TreinoViewController.m in Sources */ = {isa = PBXBuildFile; fileRef = EC32298718992690009C34C1 /* TreinoViewController.m */; };
		EC32298A18993635009C34C1 /* AudioToolbox.framework in Frameworks */ = {isa = PBXBuildFile; fileRef = EC32298918993635009C34C1 /* AudioToolbox.framework */; };
		EC32298C18993A94009C34C1 /* hehehe1.wav in Resources */ = {isa = PBXBuildFile; fileRef = EC32298B18993A94009C34C1 /* hehehe1.wav */; };
		EC32299018993BD2009C34C1 /* AVFoundation.framework in Frameworks */ = {isa = PBXBuildFile; fileRef = EC32298F18993BD2009C34C1 /* AVFoundation.framework */; };
		EC32299218993BE6009C34C1 /* MediaPlayer.framework in Frameworks */ = {isa = PBXBuildFile; fileRef = EC32299118993BE6009C34C1 /* MediaPlayer.framework */; };
		EC348CDF18A2A4E100CD79D0 /* GerenciarTreinoViewController.m in Sources */ = {isa = PBXBuildFile; fileRef = EC348CDE18A2A4E100CD79D0 /* GerenciarTreinoViewController.m */; };
		EC348CE218A2B36900CD79D0 /* TreinoCell.m in Sources */ = {isa = PBXBuildFile; fileRef = EC348CE118A2B36900CD79D0 /* TreinoCell.m */; };
		EC348CE718A2BCF300CD79D0 /* AddExercicioViewController.m in Sources */ = {isa = PBXBuildFile; fileRef = EC348CE618A2BCF300CD79D0 /* AddExercicioViewController.m */; };
		EC4A58B218A1650B00C1FE01 /* LoadIniciarTreinoViewController.m in Sources */ = {isa = PBXBuildFile; fileRef = EC4A58B118A1650B00C1FE01 /* LoadIniciarTreinoViewController.m */; };
		EC4B9AF318A260EA002ADB4C /* LoadFichaViewController.m in Sources */ = {isa = PBXBuildFile; fileRef = EC4B9AF218A260EA002ADB4C /* LoadFichaViewController.m */; };
		EC4B9AF718A26655002ADB4C /* CriarFichaViewController.m in Sources */ = {isa = PBXBuildFile; fileRef = EC4B9AF618A26655002ADB4C /* CriarFichaViewController.m */; };
		EC61FDDB18A3B2CA009527DE /* FinishAddExercicioViewController.m in Sources */ = {isa = PBXBuildFile; fileRef = EC61FDDA18A3B2CA009527DE /* FinishAddExercicioViewController.m */; };
		EC61FDDE18A3B367009527DE /* BegymModel.m in Sources */ = {isa = PBXBuildFile; fileRef = EC61FDDD18A3B367009527DE /* BegymModel.m */; };
		EC7D00F01897CBD900D63E28 /* Foundation.framework in Frameworks */ = {isa = PBXBuildFile; fileRef = EC7D00EF1897CBD900D63E28 /* Foundation.framework */; };
		EC7D00F21897CBD900D63E28 /* CoreGraphics.framework in Frameworks */ = {isa = PBXBuildFile; fileRef = EC7D00F11897CBD900D63E28 /* CoreGraphics.framework */; };
		EC7D00F41897CBD900D63E28 /* UIKit.framework in Frameworks */ = {isa = PBXBuildFile; fileRef = EC7D00F31897CBD900D63E28 /* UIKit.framework */; };
		EC7D00FA1897CBD900D63E28 /* InfoPlist.strings in Resources */ = {isa = PBXBuildFile; fileRef = EC7D00F81897CBD900D63E28 /* InfoPlist.strings */; };
		EC7D00FC1897CBD900D63E28 /* main.m in Sources */ = {isa = PBXBuildFile; fileRef = EC7D00FB1897CBD900D63E28 /* main.m */; };
		EC7D01001897CBD900D63E28 /* AppDelegate.m in Sources */ = {isa = PBXBuildFile; fileRef = EC7D00FF1897CBD900D63E28 /* AppDelegate.m */; };
		EC7D01031897CBD900D63E28 /* Main.storyboard in Resources */ = {isa = PBXBuildFile; fileRef = EC7D01011897CBD900D63E28 /* Main.storyboard */; };
		EC7D01081897CBD900D63E28 /* Images.xcassets in Resources */ = {isa = PBXBuildFile; fileRef = EC7D01071897CBD900D63E28 /* Images.xcassets */; };
		EC7D010F1897CBD900D63E28 /* XCTest.framework in Frameworks */ = {isa = PBXBuildFile; fileRef = EC7D010E1897CBD900D63E28 /* XCTest.framework */; };
		EC7D01101897CBD900D63E28 /* Foundation.framework in Frameworks */ = {isa = PBXBuildFile; fileRef = EC7D00EF1897CBD900D63E28 /* Foundation.framework */; };
		EC7D01111897CBD900D63E28 /* UIKit.framework in Frameworks */ = {isa = PBXBuildFile; fileRef = EC7D00F31897CBD900D63E28 /* UIKit.framework */; };
		EC7D01191897CBD900D63E28 /* InfoPlist.strings in Resources */ = {isa = PBXBuildFile; fileRef = EC7D01171897CBD900D63E28 /* InfoPlist.strings */; };
		EC7D011B1897CBD900D63E28 /* _Challenge_2__Ficha_Treino_2Tests.m in Sources */ = {isa = PBXBuildFile; fileRef = EC7D011A1897CBD900D63E28 /* _Challenge_2__Ficha_Treino_2Tests.m */; };
		EC7D36E7189AB24E008BF3D3 /* CoreData.framework in Frameworks */ = {isa = PBXBuildFile; fileRef = EC7D36E6189AB24E008BF3D3 /* CoreData.framework */; };
		EC7D36F7189AC22D008BF3D3 /* DataStorage.m in Sources */ = {isa = PBXBuildFile; fileRef = EC7D36EC189AC22D008BF3D3 /* DataStorage.m */; };
		ED194E95189C076A006EE9F5 /* DadoFisico.m in Sources */ = {isa = PBXBuildFile; fileRef = ED194E94189C076A006EE9F5 /* DadoFisico.m */; };
		ED1D0FD7189FCBD300AECAC4 /* fichas.xcdatamodeld in Sources */ = {isa = PBXBuildFile; fileRef = ED1D0FD5189FCBD300AECAC4 /* fichas.xcdatamodeld */; };
		ED1D0FDA189FCC0500AECAC4 /* Exerciciopadrao.m in Sources */ = {isa = PBXBuildFile; fileRef = ED1D0FD9189FCC0500AECAC4 /* Exerciciopadrao.m */; };
		ED1D0FDD189FCC0500AECAC4 /* Pessoa.m in Sources */ = {isa = PBXBuildFile; fileRef = ED1D0FDC189FCC0500AECAC4 /* Pessoa.m */; };
		ED1D0FE0189FCC0500AECAC4 /* Treinos.m in Sources */ = {isa = PBXBuildFile; fileRef = ED1D0FDF189FCC0500AECAC4 /* Treinos.m */; };
		ED1D0FE3189FCC0500AECAC4 /* DadosFisicos.m in Sources */ = {isa = PBXBuildFile; fileRef = ED1D0FE2189FCC0500AECAC4 /* DadosFisicos.m */; };
		ED1D0FE6189FCC0500AECAC4 /* Exercicio.m in Sources */ = {isa = PBXBuildFile; fileRef = ED1D0FE5189FCC0500AECAC4 /* Exercicio.m */; };
		ED1D0FE9189FCC0600AECAC4 /* Ficha.m in Sources */ = {isa = PBXBuildFile; fileRef = ED1D0FE8189FCC0600AECAC4 /* Ficha.m */; };
		ED23DFA218A010360013D4B7 /* UIImage-Alpha.m in Sources */ = {isa = PBXBuildFile; fileRef = ED23DFA118A010360013D4B7 /* UIImage-Alpha.m */; };
		ED23DFA618A010CB0013D4B7 /* IrregularShapedButton.m in Sources */ = {isa = PBXBuildFile; fileRef = ED23DFA518A010CB0013D4B7 /* IrregularShapedButton.m */; };
/* End PBXBuildFile section */

/* Begin PBXContainerItemProxy section */
		EC7D01121897CBD900D63E28 /* PBXContainerItemProxy */ = {
			isa = PBXContainerItemProxy;
			containerPortal = EC7D00E41897CBD900D63E28 /* Project object */;
			proxyType = 1;
			remoteGlobalIDString = EC7D00EB1897CBD900D63E28;
			remoteInfo = "[Challenge 2] Ficha Treino 2";
		};
/* End PBXContainerItemProxy section */

/* Begin PBXFileReference section */
		EC11C3AC18981F0600F7EC2E /* FichaViewController.h */ = {isa = PBXFileReference; fileEncoding = 4; lastKnownFileType = sourcecode.c.h; path = FichaViewController.h; sourceTree = "<group>"; };
		EC11C3AD18981F0600F7EC2E /* FichaViewController.m */ = {isa = PBXFileReference; fileEncoding = 4; lastKnownFileType = sourcecode.c.objc; path = FichaViewController.m; sourceTree = "<group>"; };
		EC1693EF189FEB030055311B /* LoadUserViewController.h */ = {isa = PBXFileReference; fileEncoding = 4; lastKnownFileType = sourcecode.c.h; path = LoadUserViewController.h; sourceTree = "<group>"; };
		EC1693F0189FEB030055311B /* LoadUserViewController.m */ = {isa = PBXFileReference; fileEncoding = 4; lastKnownFileType = sourcecode.c.objc; path = LoadUserViewController.m; sourceTree = "<group>"; };
		EC1693F518A006540055311B /* AddNameViewController.h */ = {isa = PBXFileReference; fileEncoding = 4; lastKnownFileType = sourcecode.c.h; path = AddNameViewController.h; sourceTree = "<group>"; };
		EC1693F618A006540055311B /* AddNameViewController.m */ = {isa = PBXFileReference; fileEncoding = 4; lastKnownFileType = sourcecode.c.objc; path = AddNameViewController.m; sourceTree = "<group>"; };
		EC1693F818A007570055311B /* AddSexViewController.h */ = {isa = PBXFileReference; fileEncoding = 4; lastKnownFileType = sourcecode.c.h; path = AddSexViewController.h; sourceTree = "<group>"; };
		EC1693F918A007570055311B /* AddSexViewController.m */ = {isa = PBXFileReference; fileEncoding = 4; lastKnownFileType = sourcecode.c.objc; path = AddSexViewController.m; sourceTree = "<group>"; };
		EC1693FB18A017D90055311B /* AddBirthdayViewController.h */ = {isa = PBXFileReference; fileEncoding = 4; lastKnownFileType = sourcecode.c.h; path = AddBirthdayViewController.h; sourceTree = "<group>"; };
		EC1693FC18A017D90055311B /* AddBirthdayViewController.m */ = {isa = PBXFileReference; fileEncoding = 4; lastKnownFileType = sourcecode.c.objc; path = AddBirthdayViewController.m; sourceTree = "<group>"; };
		EC1BE46C18A4FB2900B62AB6 /* TreinoFinalizadoViewController.h */ = {isa = PBXFileReference; fileEncoding = 4; lastKnownFileType = sourcecode.c.h; path = TreinoFinalizadoViewController.h; sourceTree = "<group>"; };
		EC1BE46D18A4FB2900B62AB6 /* TreinoFinalizadoViewController.m */ = {isa = PBXFileReference; fileEncoding = 4; lastKnownFileType = sourcecode.c.objc; path = TreinoFinalizadoViewController.m; sourceTree = "<group>"; };
		EC1BE46F18A4FF7900B62AB6 /* EditarExercicioViewController.h */ = {isa = PBXFileReference; fileEncoding = 4; lastKnownFileType = sourcecode.c.h; path = EditarExercicioViewController.h; sourceTree = "<group>"; };
		EC1BE47018A4FF7900B62AB6 /* EditarExercicioViewController.m */ = {isa = PBXFileReference; fileEncoding = 4; lastKnownFileType = sourcecode.c.objc; path = EditarExercicioViewController.m; sourceTree = "<group>"; };
		EC2BC9E318A3E94400ECD6A9 /* ExerciciosTemporarios.h */ = {isa = PBXFileReference; fileEncoding = 4; lastKnownFileType = sourcecode.c.h; path = ExerciciosTemporarios.h; sourceTree = "<group>"; };
		EC2BC9E418A3E94400ECD6A9 /* ExerciciosTemporarios.m */ = {isa = PBXFileReference; fileEncoding = 4; lastKnownFileType = sourcecode.c.objc; path = ExerciciosTemporarios.m; sourceTree = "<group>"; };
		EC2BC9E618A3F31C00ECD6A9 /* ExibeExercicioViewController.h */ = {isa = PBXFileReference; fileEncoding = 4; lastKnownFileType = sourcecode.c.h; path = ExibeExercicioViewController.h; sourceTree = "<group>"; };
		EC2BC9E718A3F31C00ECD6A9 /* ExibeExercicioViewController.m */ = {isa = PBXFileReference; fileEncoding = 4; lastKnownFileType = sourcecode.c.objc; path = ExibeExercicioViewController.m; sourceTree = "<group>"; };
		EC2BC9EC18A3FEEA00ECD6A9 /* IniciarTreinoCell.h */ = {isa = PBXFileReference; fileEncoding = 4; lastKnownFileType = sourcecode.c.h; path = IniciarTreinoCell.h; sourceTree = "<group>"; };
		EC2BC9ED18A3FEEA00ECD6A9 /* IniciarTreinoCell.m */ = {isa = PBXFileReference; fileEncoding = 4; lastKnownFileType = sourcecode.c.objc; path = IniciarTreinoCell.m; sourceTree = "<group>"; };
		EC322983189911DE009C34C1 /* CategoriaViewController.h */ = {isa = PBXFileReference; fileEncoding = 4; lastKnownFileType = sourcecode.c.h; path = CategoriaViewController.h; sourceTree = "<group>"; };
		EC322984189911DE009C34C1 /* CategoriaViewController.m */ = {isa = PBXFileReference; fileEncoding = 4; lastKnownFileType = sourcecode.c.objc; path = CategoriaViewController.m; sourceTree = "<group>"; };
		EC32298618992690009C34C1 /* TreinoViewController.h */ = {isa = PBXFileReference; fileEncoding = 4; lastKnownFileType = sourcecode.c.h; path = TreinoViewController.h; sourceTree = "<group>"; };
		EC32298718992690009C34C1 /* TreinoViewController.m */ = {isa = PBXFileReference; fileEncoding = 4; lastKnownFileType = sourcecode.c.objc; path = TreinoViewController.m; sourceTree = "<group>"; };
		EC32298918993635009C34C1 /* AudioToolbox.framework */ = {isa = PBXFileReference; lastKnownFileType = wrapper.framework; name = AudioToolbox.framework; path = System/Library/Frameworks/AudioToolbox.framework; sourceTree = SDKROOT; };
		EC32298B18993A94009C34C1 /* hehehe1.wav */ = {isa = PBXFileReference; lastKnownFileType = audio.wav; path = hehehe1.wav; sourceTree = "<group>"; };
		EC32298F18993BD2009C34C1 /* AVFoundation.framework */ = {isa = PBXFileReference; lastKnownFileType = wrapper.framework; name = AVFoundation.framework; path = System/Library/Frameworks/AVFoundation.framework; sourceTree = SDKROOT; };
		EC32299118993BE6009C34C1 /* MediaPlayer.framework */ = {isa = PBXFileReference; lastKnownFileType = wrapper.framework; name = MediaPlayer.framework; path = System/Library/Frameworks/MediaPlayer.framework; sourceTree = SDKROOT; };
		EC348CDD18A2A4E100CD79D0 /* GerenciarTreinoViewController.h */ = {isa = PBXFileReference; fileEncoding = 4; lastKnownFileType = sourcecode.c.h; path = GerenciarTreinoViewController.h; sourceTree = "<group>"; };
		EC348CDE18A2A4E100CD79D0 /* GerenciarTreinoViewController.m */ = {isa = PBXFileReference; fileEncoding = 4; lastKnownFileType = sourcecode.c.objc; path = GerenciarTreinoViewController.m; sourceTree = "<group>"; };
		EC348CE018A2B36900CD79D0 /* TreinoCell.h */ = {isa = PBXFileReference; fileEncoding = 4; lastKnownFileType = sourcecode.c.h; path = TreinoCell.h; sourceTree = "<group>"; };
		EC348CE118A2B36900CD79D0 /* TreinoCell.m */ = {isa = PBXFileReference; fileEncoding = 4; lastKnownFileType = sourcecode.c.objc; path = TreinoCell.m; sourceTree = "<group>"; };
		EC348CE518A2BCF300CD79D0 /* AddExercicioViewController.h */ = {isa = PBXFileReference; fileEncoding = 4; lastKnownFileType = sourcecode.c.h; path = AddExercicioViewController.h; sourceTree = "<group>"; };
		EC348CE618A2BCF300CD79D0 /* AddExercicioViewController.m */ = {isa = PBXFileReference; fileEncoding = 4; lastKnownFileType = sourcecode.c.objc; path = AddExercicioViewController.m; sourceTree = "<group>"; };
		EC4A58B018A1650B00C1FE01 /* LoadIniciarTreinoViewController.h */ = {isa = PBXFileReference; fileEncoding = 4; lastKnownFileType = sourcecode.c.h; path = LoadIniciarTreinoViewController.h; sourceTree = "<group>"; };
		EC4A58B118A1650B00C1FE01 /* LoadIniciarTreinoViewController.m */ = {isa = PBXFileReference; fileEncoding = 4; lastKnownFileType = sourcecode.c.objc; path = LoadIniciarTreinoViewController.m; sourceTree = "<group>"; };
		EC4B9AEE18A256FF002ADB4C /* fichas 2.xcdatamodel */ = {isa = PBXFileReference; lastKnownFileType = wrapper.xcdatamodel; path = "fichas 2.xcdatamodel"; sourceTree = "<group>"; };
		EC4B9AF018A25A05002ADB4C /* fichas 3.xcdatamodel */ = {isa = PBXFileReference; lastKnownFileType = wrapper.xcdatamodel; path = "fichas 3.xcdatamodel"; sourceTree = "<group>"; };
		EC4B9AF118A260EA002ADB4C /* LoadFichaViewController.h */ = {isa = PBXFileReference; fileEncoding = 4; lastKnownFileType = sourcecode.c.h; path = LoadFichaViewController.h; sourceTree = "<group>"; };
		EC4B9AF218A260EA002ADB4C /* LoadFichaViewController.m */ = {isa = PBXFileReference; fileEncoding = 4; lastKnownFileType = sourcecode.c.objc; path = LoadFichaViewController.m; sourceTree = "<group>"; };
		EC4B9AF518A26655002ADB4C /* CriarFichaViewController.h */ = {isa = PBXFileReference; fileEncoding = 4; lastKnownFileType = sourcecode.c.h; path = CriarFichaViewController.h; sourceTree = "<group>"; };
		EC4B9AF618A26655002ADB4C /* CriarFichaViewController.m */ = {isa = PBXFileReference; fileEncoding = 4; lastKnownFileType = sourcecode.c.objc; path = CriarFichaViewController.m; sourceTree = "<group>"; };
		EC61FDD918A3B2CA009527DE /* FinishAddExercicioViewController.h */ = {isa = PBXFileReference; fileEncoding = 4; lastKnownFileType = sourcecode.c.h; path = FinishAddExercicioViewController.h; sourceTree = "<group>"; };
		EC61FDDA18A3B2CA009527DE /* FinishAddExercicioViewController.m */ = {isa = PBXFileReference; fileEncoding = 4; lastKnownFileType = sourcecode.c.objc; path = FinishAddExercicioViewController.m; sourceTree = "<group>"; };
		EC61FDDC18A3B367009527DE /* BegymModel.h */ = {isa = PBXFileReference; fileEncoding = 4; lastKnownFileType = sourcecode.c.h; path = BegymModel.h; sourceTree = "<group>"; };
		EC61FDDD18A3B367009527DE /* BegymModel.m */ = {isa = PBXFileReference; fileEncoding = 4; lastKnownFileType = sourcecode.c.objc; path = BegymModel.m; sourceTree = "<group>"; };
		EC7D00EC1897CBD900D63E28 /* [Challenge 2] Ficha Treino 2.app */ = {isa = PBXFileReference; explicitFileType = wrapper.application; includeInIndex = 0; path = "[Challenge 2] Ficha Treino 2.app"; sourceTree = BUILT_PRODUCTS_DIR; };
		EC7D00EF1897CBD900D63E28 /* Foundation.framework */ = {isa = PBXFileReference; lastKnownFileType = wrapper.framework; name = Foundation.framework; path = System/Library/Frameworks/Foundation.framework; sourceTree = SDKROOT; };
		EC7D00F11897CBD900D63E28 /* CoreGraphics.framework */ = {isa = PBXFileReference; lastKnownFileType = wrapper.framework; name = CoreGraphics.framework; path = System/Library/Frameworks/CoreGraphics.framework; sourceTree = SDKROOT; };
		EC7D00F31897CBD900D63E28 /* UIKit.framework */ = {isa = PBXFileReference; lastKnownFileType = wrapper.framework; name = UIKit.framework; path = System/Library/Frameworks/UIKit.framework; sourceTree = SDKROOT; };
		EC7D00F71897CBD900D63E28 /* [Challenge 2] Ficha Treino 2-Info.plist */ = {isa = PBXFileReference; lastKnownFileType = text.plist.xml; path = "[Challenge 2] Ficha Treino 2-Info.plist"; sourceTree = "<group>"; };
		EC7D00F91897CBD900D63E28 /* en */ = {isa = PBXFileReference; lastKnownFileType = text.plist.strings; name = en; path = en.lproj/InfoPlist.strings; sourceTree = "<group>"; };
		EC7D00FB1897CBD900D63E28 /* main.m */ = {isa = PBXFileReference; lastKnownFileType = sourcecode.c.objc; path = main.m; sourceTree = "<group>"; };
		EC7D00FD1897CBD900D63E28 /* [Challenge 2] Ficha Treino 2-Prefix.pch */ = {isa = PBXFileReference; lastKnownFileType = sourcecode.c.h; path = "[Challenge 2] Ficha Treino 2-Prefix.pch"; sourceTree = "<group>"; };
		EC7D00FE1897CBD900D63E28 /* AppDelegate.h */ = {isa = PBXFileReference; lastKnownFileType = sourcecode.c.h; path = AppDelegate.h; sourceTree = "<group>"; };
		EC7D00FF1897CBD900D63E28 /* AppDelegate.m */ = {isa = PBXFileReference; lastKnownFileType = sourcecode.c.objc; path = AppDelegate.m; sourceTree = "<group>"; };
		EC7D01021897CBD900D63E28 /* Base */ = {isa = PBXFileReference; lastKnownFileType = file.storyboard; name = Base; path = Base.lproj/Main.storyboard; sourceTree = "<group>"; };
		EC7D01071897CBD900D63E28 /* Images.xcassets */ = {isa = PBXFileReference; lastKnownFileType = folder.assetcatalog; path = Images.xcassets; sourceTree = "<group>"; };
		EC7D010D1897CBD900D63E28 /* [Challenge 2] Ficha Treino 2Tests.xctest */ = {isa = PBXFileReference; explicitFileType = wrapper.cfbundle; includeInIndex = 0; path = "[Challenge 2] Ficha Treino 2Tests.xctest"; sourceTree = BUILT_PRODUCTS_DIR; };
		EC7D010E1897CBD900D63E28 /* XCTest.framework */ = {isa = PBXFileReference; lastKnownFileType = wrapper.framework; name = XCTest.framework; path = Library/Frameworks/XCTest.framework; sourceTree = DEVELOPER_DIR; };
		EC7D01161897CBD900D63E28 /* [Challenge 2] Ficha Treino 2Tests-Info.plist */ = {isa = PBXFileReference; lastKnownFileType = text.plist.xml; path = "[Challenge 2] Ficha Treino 2Tests-Info.plist"; sourceTree = "<group>"; };
		EC7D01181897CBD900D63E28 /* en */ = {isa = PBXFileReference; lastKnownFileType = text.plist.strings; name = en; path = en.lproj/InfoPlist.strings; sourceTree = "<group>"; };
		EC7D011A1897CBD900D63E28 /* _Challenge_2__Ficha_Treino_2Tests.m */ = {isa = PBXFileReference; lastKnownFileType = sourcecode.c.objc; path = _Challenge_2__Ficha_Treino_2Tests.m; sourceTree = "<group>"; };
		EC7D36E6189AB24E008BF3D3 /* CoreData.framework */ = {isa = PBXFileReference; lastKnownFileType = wrapper.framework; name = CoreData.framework; path = System/Library/Frameworks/CoreData.framework; sourceTree = SDKROOT; };
		EC7D36EB189AC22D008BF3D3 /* DataStorage.h */ = {isa = PBXFileReference; fileEncoding = 4; lastKnownFileType = sourcecode.c.h; path = DataStorage.h; sourceTree = "<group>"; };
		EC7D36EC189AC22D008BF3D3 /* DataStorage.m */ = {isa = PBXFileReference; fileEncoding = 4; lastKnownFileType = sourcecode.c.objc; path = DataStorage.m; sourceTree = "<group>"; };
		ED194E93189C076A006EE9F5 /* DadoFisico.h */ = {isa = PBXFileReference; fileEncoding = 4; lastKnownFileType = sourcecode.c.h; path = DadoFisico.h; sourceTree = "<group>"; };
		ED194E94189C076A006EE9F5 /* DadoFisico.m */ = {isa = PBXFileReference; fileEncoding = 4; lastKnownFileType = sourcecode.c.objc; path = DadoFisico.m; sourceTree = "<group>"; };
		ED1D0FD6189FCBD300AECAC4 /* fichas.xcdatamodel */ = {isa = PBXFileReference; lastKnownFileType = wrapper.xcdatamodel; path = fichas.xcdatamodel; sourceTree = "<group>"; };
		ED1D0FD8189FCC0500AECAC4 /* Exerciciopadrao.h */ = {isa = PBXFileReference; fileEncoding = 4; lastKnownFileType = sourcecode.c.h; path = Exerciciopadrao.h; sourceTree = "<group>"; };
		ED1D0FD9189FCC0500AECAC4 /* Exerciciopadrao.m */ = {isa = PBXFileReference; fileEncoding = 4; lastKnownFileType = sourcecode.c.objc; path = Exerciciopadrao.m; sourceTree = "<group>"; };
		ED1D0FDB189FCC0500AECAC4 /* Pessoa.h */ = {isa = PBXFileReference; fileEncoding = 4; lastKnownFileType = sourcecode.c.h; path = Pessoa.h; sourceTree = "<group>"; };
		ED1D0FDC189FCC0500AECAC4 /* Pessoa.m */ = {isa = PBXFileReference; fileEncoding = 4; lastKnownFileType = sourcecode.c.objc; path = Pessoa.m; sourceTree = "<group>"; };
		ED1D0FDE189FCC0500AECAC4 /* Treinos.h */ = {isa = PBXFileReference; fileEncoding = 4; lastKnownFileType = sourcecode.c.h; path = Treinos.h; sourceTree = "<group>"; };
		ED1D0FDF189FCC0500AECAC4 /* Treinos.m */ = {isa = PBXFileReference; fileEncoding = 4; lastKnownFileType = sourcecode.c.objc; path = Treinos.m; sourceTree = "<group>"; };
		ED1D0FE1189FCC0500AECAC4 /* DadosFisicos.h */ = {isa = PBXFileReference; fileEncoding = 4; lastKnownFileType = sourcecode.c.h; path = DadosFisicos.h; sourceTree = "<group>"; };
		ED1D0FE2189FCC0500AECAC4 /* DadosFisicos.m */ = {isa = PBXFileReference; fileEncoding = 4; lastKnownFileType = sourcecode.c.objc; path = DadosFisicos.m; sourceTree = "<group>"; };
		ED1D0FE4189FCC0500AECAC4 /* Exercicio.h */ = {isa = PBXFileReference; fileEncoding = 4; lastKnownFileType = sourcecode.c.h; path = Exercicio.h; sourceTree = "<group>"; };
		ED1D0FE5189FCC0500AECAC4 /* Exercicio.m */ = {isa = PBXFileReference; fileEncoding = 4; lastKnownFileType = sourcecode.c.objc; path = Exercicio.m; sourceTree = "<group>"; };
		ED1D0FE7189FCC0600AECAC4 /* Ficha.h */ = {isa = PBXFileReference; fileEncoding = 4; lastKnownFileType = sourcecode.c.h; path = Ficha.h; sourceTree = "<group>"; };
		ED1D0FE8189FCC0600AECAC4 /* Ficha.m */ = {isa = PBXFileReference; fileEncoding = 4; lastKnownFileType = sourcecode.c.objc; path = Ficha.m; sourceTree = "<group>"; };
		ED23DFA018A010360013D4B7 /* UIImage-Alpha.h */ = {isa = PBXFileReference; fileEncoding = 4; lastKnownFileType = sourcecode.c.h; path = "UIImage-Alpha.h"; sourceTree = "<group>"; };
		ED23DFA118A010360013D4B7 /* UIImage-Alpha.m */ = {isa = PBXFileReference; fileEncoding = 4; lastKnownFileType = sourcecode.c.objc; path = "UIImage-Alpha.m"; sourceTree = "<group>"; };
		ED23DFA418A010CB0013D4B7 /* IrregularShapedButton.h */ = {isa = PBXFileReference; fileEncoding = 4; lastKnownFileType = sourcecode.c.h; path = IrregularShapedButton.h; sourceTree = "<group>"; };
		ED23DFA518A010CB0013D4B7 /* IrregularShapedButton.m */ = {isa = PBXFileReference; fileEncoding = 4; lastKnownFileType = sourcecode.c.objc; path = IrregularShapedButton.m; sourceTree = "<group>"; };
/* End PBXFileReference section */

/* Begin PBXFrameworksBuildPhase section */
		EC7D00E91897CBD900D63E28 /* Frameworks */ = {
			isa = PBXFrameworksBuildPhase;
			buildActionMask = 2147483647;
			files = (
				EC7D36E7189AB24E008BF3D3 /* CoreData.framework in Frameworks */,
				EC32299218993BE6009C34C1 /* MediaPlayer.framework in Frameworks */,
				EC32299018993BD2009C34C1 /* AVFoundation.framework in Frameworks */,
				EC32298A18993635009C34C1 /* AudioToolbox.framework in Frameworks */,
				EC7D00F21897CBD900D63E28 /* CoreGraphics.framework in Frameworks */,
				EC7D00F41897CBD900D63E28 /* UIKit.framework in Frameworks */,
				EC7D00F01897CBD900D63E28 /* Foundation.framework in Frameworks */,
			);
			runOnlyForDeploymentPostprocessing = 0;
		};
		EC7D010A1897CBD900D63E28 /* Frameworks */ = {
			isa = PBXFrameworksBuildPhase;
			buildActionMask = 2147483647;
			files = (
				EC7D010F1897CBD900D63E28 /* XCTest.framework in Frameworks */,
				EC7D01111897CBD900D63E28 /* UIKit.framework in Frameworks */,
				EC7D01101897CBD900D63E28 /* Foundation.framework in Frameworks */,
			);
			runOnlyForDeploymentPostprocessing = 0;
		};
/* End PBXFrameworksBuildPhase section */

/* Begin PBXGroup section */
		EC1693FE18A017EC0055311B /* Cadastro */ = {
			isa = PBXGroup;
			children = (
				EC1693FB18A017D90055311B /* AddBirthdayViewController.h */,
				EC1693FC18A017D90055311B /* AddBirthdayViewController.m */,
				EC1693F818A007570055311B /* AddSexViewController.h */,
				EC1693F918A007570055311B /* AddSexViewController.m */,
				EC1693F518A006540055311B /* AddNameViewController.h */,
				EC1693F618A006540055311B /* AddNameViewController.m */,
			);
			name = Cadastro;
			sourceTree = "<group>";
		};
		EC322982189910D7009C34C1 /* Controller */ = {
			isa = PBXGroup;
			children = (
				EC1693EF189FEB030055311B /* LoadUserViewController.h */,
				EC1693F0189FEB030055311B /* LoadUserViewController.m */,
				EC1693FE18A017EC0055311B /* Cadastro */,
				EC4A58B318A1657300C1FE01 /* IniciarTreino */,
				EC4B9AEF18A259CB002ADB4C /* Ficha */,
			);
			name = Controller;
			sourceTree = "<group>";
		};
		EC32298D18993A9E009C34C1 /* Resources */ = {
			isa = PBXGroup;
			children = (
				EC32298B18993A94009C34C1 /* hehehe1.wav */,
			);
			name = Resources;
			sourceTree = "<group>";
		};
		EC32298E18993AB6009C34C1 /* Other */ = {
			isa = PBXGroup;
			children = (
				ED1D0FD5189FCBD300AECAC4 /* fichas.xcdatamodeld */,
				EC7D00FE1897CBD900D63E28 /* AppDelegate.h */,
				EC7D00FF1897CBD900D63E28 /* AppDelegate.m */,
				EC7D01011897CBD900D63E28 /* Main.storyboard */,
			);
			name = Other;
			sourceTree = "<group>";
		};
		EC348CE418A2BC9F00CD79D0 /* Cadastro Treino */ = {
			isa = PBXGroup;
			children = (
				EC348CDD18A2A4E100CD79D0 /* GerenciarTreinoViewController.h */,
				EC348CDE18A2A4E100CD79D0 /* GerenciarTreinoViewController.m */,
				EC348CE518A2BCF300CD79D0 /* AddExercicioViewController.h */,
				EC348CE618A2BCF300CD79D0 /* AddExercicioViewController.m */,
				EC61FDD918A3B2CA009527DE /* FinishAddExercicioViewController.h */,
				EC61FDDA18A3B2CA009527DE /* FinishAddExercicioViewController.m */,
			);
			name = "Cadastro Treino";
			sourceTree = "<group>";
		};
		EC4A58B318A1657300C1FE01 /* IniciarTreino */ = {
			isa = PBXGroup;
			children = (
				EC32298618992690009C34C1 /* TreinoViewController.h */,
				EC32298718992690009C34C1 /* TreinoViewController.m */,
				EC4A58B018A1650B00C1FE01 /* LoadIniciarTreinoViewController.h */,
				EC4A58B118A1650B00C1FE01 /* LoadIniciarTreinoViewController.m */,
				EC2BC9EC18A3FEEA00ECD6A9 /* IniciarTreinoCell.h */,
				EC2BC9ED18A3FEEA00ECD6A9 /* IniciarTreinoCell.m */,
				EC1BE46C18A4FB2900B62AB6 /* TreinoFinalizadoViewController.h */,
				EC1BE46D18A4FB2900B62AB6 /* TreinoFinalizadoViewController.m */,
			);
			name = IniciarTreino;
			sourceTree = "<group>";
		};
		EC4B9AEF18A259CB002ADB4C /* Ficha */ = {
			isa = PBXGroup;
			children = (
				EC4B9AF418A2662E002ADB4C /* Cadastro Ficha */,
				EC348CE418A2BC9F00CD79D0 /* Cadastro Treino */,
				EC348CE018A2B36900CD79D0 /* TreinoCell.h */,
				EC348CE118A2B36900CD79D0 /* TreinoCell.m */,
				EC1BE46F18A4FF7900B62AB6 /* EditarExercicioViewController.h */,
				EC1BE47018A4FF7900B62AB6 /* EditarExercicioViewController.m */,
				EC2BC9E618A3F31C00ECD6A9 /* ExibeExercicioViewController.h */,
				EC2BC9E718A3F31C00ECD6A9 /* ExibeExercicioViewController.m */,
				EC322983189911DE009C34C1 /* CategoriaViewController.h */,
				EC322984189911DE009C34C1 /* CategoriaViewController.m */,
				EC11C3AC18981F0600F7EC2E /* FichaViewController.h */,
				EC11C3AD18981F0600F7EC2E /* FichaViewController.m */,
				EC4B9AF118A260EA002ADB4C /* LoadFichaViewController.h */,
				EC4B9AF218A260EA002ADB4C /* LoadFichaViewController.m */,
			);
			name = Ficha;
			sourceTree = "<group>";
		};
		EC4B9AF418A2662E002ADB4C /* Cadastro Ficha */ = {
			isa = PBXGroup;
			children = (
				EC4B9AF518A26655002ADB4C /* CriarFichaViewController.h */,
				EC4B9AF618A26655002ADB4C /* CriarFichaViewController.m */,
			);
			name = "Cadastro Ficha";
			sourceTree = "<group>";
		};
		EC7D00E31897CBD900D63E28 = {
			isa = PBXGroup;
			children = (
				EC7D00F51897CBD900D63E28 /* [Challenge 2] Ficha Treino 2 */,
				EC7D01141897CBD900D63E28 /* [Challenge 2] Ficha Treino 2Tests */,
				EC7D00EE1897CBD900D63E28 /* Frameworks */,
				EC7D00ED1897CBD900D63E28 /* Products */,
			);
			sourceTree = "<group>";
		};
		EC7D00ED1897CBD900D63E28 /* Products */ = {
			isa = PBXGroup;
			children = (
				EC7D00EC1897CBD900D63E28 /* [Challenge 2] Ficha Treino 2.app */,
				EC7D010D1897CBD900D63E28 /* [Challenge 2] Ficha Treino 2Tests.xctest */,
			);
			name = Products;
			sourceTree = "<group>";
		};
		EC7D00EE1897CBD900D63E28 /* Frameworks */ = {
			isa = PBXGroup;
			children = (
				EC7D36E6189AB24E008BF3D3 /* CoreData.framework */,
				EC32299118993BE6009C34C1 /* MediaPlayer.framework */,
				EC32298F18993BD2009C34C1 /* AVFoundation.framework */,
				EC32298918993635009C34C1 /* AudioToolbox.framework */,
				EC7D00EF1897CBD900D63E28 /* Foundation.framework */,
				EC7D00F11897CBD900D63E28 /* CoreGraphics.framework */,
				EC7D00F31897CBD900D63E28 /* UIKit.framework */,
				EC7D010E1897CBD900D63E28 /* XCTest.framework */,
			);
			name = Frameworks;
			sourceTree = "<group>";
		};
		EC7D00F51897CBD900D63E28 /* [Challenge 2] Ficha Treino 2 */ = {
			isa = PBXGroup;
			children = (
				EC7D36E8189AC102008BF3D3 /* Model */,
				EC32298D18993A9E009C34C1 /* Resources */,
				EC32298E18993AB6009C34C1 /* Other */,
				EC322982189910D7009C34C1 /* Controller */,
				EC7D01071897CBD900D63E28 /* Images.xcassets */,
				EC7D00F61897CBD900D63E28 /* Supporting Files */,
			);
			path = "[Challenge 2] Ficha Treino 2";
			sourceTree = "<group>";
		};
		EC7D00F61897CBD900D63E28 /* Supporting Files */ = {
			isa = PBXGroup;
			children = (
				EC7D00F71897CBD900D63E28 /* [Challenge 2] Ficha Treino 2-Info.plist */,
				EC7D00F81897CBD900D63E28 /* InfoPlist.strings */,
				EC7D00FB1897CBD900D63E28 /* main.m */,
				EC7D00FD1897CBD900D63E28 /* [Challenge 2] Ficha Treino 2-Prefix.pch */,
			);
			name = "Supporting Files";
			sourceTree = "<group>";
		};
		EC7D01141897CBD900D63E28 /* [Challenge 2] Ficha Treino 2Tests */ = {
			isa = PBXGroup;
			children = (
				EC7D011A1897CBD900D63E28 /* _Challenge_2__Ficha_Treino_2Tests.m */,
				EC7D01151897CBD900D63E28 /* Supporting Files */,
			);
			path = "[Challenge 2] Ficha Treino 2Tests";
			sourceTree = "<group>";
		};
		EC7D01151897CBD900D63E28 /* Supporting Files */ = {
			isa = PBXGroup;
			children = (
				EC7D01161897CBD900D63E28 /* [Challenge 2] Ficha Treino 2Tests-Info.plist */,
				EC7D01171897CBD900D63E28 /* InfoPlist.strings */,
			);
			name = "Supporting Files";
			sourceTree = "<group>";
		};
		EC7D36E8189AC102008BF3D3 /* Model */ = {
			isa = PBXGroup;
			children = (
				ED23DFA318A010940013D4B7 /* BotaoIrregular */,
				EC7D36EA189AC149008BF3D3 /* Singleton */,
				EC7D36E9189AC13D008BF3D3 /* Fichas */,
				EC2BC9E318A3E94400ECD6A9 /* ExerciciosTemporarios.h */,
				EC2BC9E418A3E94400ECD6A9 /* ExerciciosTemporarios.m */,
				ED194E93189C076A006EE9F5 /* DadoFisico.h */,
				ED194E94189C076A006EE9F5 /* DadoFisico.m */,
				EC61FDDC18A3B367009527DE /* BegymModel.h */,
				EC61FDDD18A3B367009527DE /* BegymModel.m */,
			);
			name = Model;
			sourceTree = "<group>";
		};
		EC7D36E9189AC13D008BF3D3 /* Fichas */ = {
			isa = PBXGroup;
			children = (
				ED1D0FDB189FCC0500AECAC4 /* Pessoa.h */,
				ED1D0FDC189FCC0500AECAC4 /* Pessoa.m */,
				ED1D0FE1189FCC0500AECAC4 /* DadosFisicos.h */,
				ED1D0FE2189FCC0500AECAC4 /* DadosFisicos.m */,
				ED1D0FE7189FCC0600AECAC4 /* Ficha.h */,
				ED1D0FE8189FCC0600AECAC4 /* Ficha.m */,
				ED1D0FDE189FCC0500AECAC4 /* Treinos.h */,
				ED1D0FDF189FCC0500AECAC4 /* Treinos.m */,
				ED1D0FE4189FCC0500AECAC4 /* Exercicio.h */,
				ED1D0FE5189FCC0500AECAC4 /* Exercicio.m */,
				ED1D0FD8189FCC0500AECAC4 /* Exerciciopadrao.h */,
				ED1D0FD9189FCC0500AECAC4 /* Exerciciopadrao.m */,
			);
			name = Fichas;
			sourceTree = "<group>";
		};
		EC7D36EA189AC149008BF3D3 /* Singleton */ = {
			isa = PBXGroup;
			children = (
				EC7D36EB189AC22D008BF3D3 /* DataStorage.h */,
				EC7D36EC189AC22D008BF3D3 /* DataStorage.m */,
			);
			name = Singleton;
			sourceTree = "<group>";
		};
		ED23DFA318A010940013D4B7 /* BotaoIrregular */ = {
			isa = PBXGroup;
			children = (
				ED23DFA018A010360013D4B7 /* UIImage-Alpha.h */,
				ED23DFA118A010360013D4B7 /* UIImage-Alpha.m */,
				ED23DFA418A010CB0013D4B7 /* IrregularShapedButton.h */,
				ED23DFA518A010CB0013D4B7 /* IrregularShapedButton.m */,
			);
			name = BotaoIrregular;
			sourceTree = "<group>";
		};
/* End PBXGroup section */

/* Begin PBXNativeTarget section */
		EC7D00EB1897CBD900D63E28 /* [Challenge 2] Ficha Treino 2 */ = {
			isa = PBXNativeTarget;
			buildConfigurationList = EC7D011E1897CBD900D63E28 /* Build configuration list for PBXNativeTarget "[Challenge 2] Ficha Treino 2" */;
			buildPhases = (
				EC7D00E81897CBD900D63E28 /* Sources */,
				EC7D00E91897CBD900D63E28 /* Frameworks */,
				EC7D00EA1897CBD900D63E28 /* Resources */,
			);
			buildRules = (
			);
			dependencies = (
			);
			name = "[Challenge 2] Ficha Treino 2";
			productName = "[Challenge 2] Ficha Treino 2";
			productReference = EC7D00EC1897CBD900D63E28 /* [Challenge 2] Ficha Treino 2.app */;
			productType = "com.apple.product-type.application";
		};
		EC7D010C1897CBD900D63E28 /* [Challenge 2] Ficha Treino 2Tests */ = {
			isa = PBXNativeTarget;
			buildConfigurationList = EC7D01211897CBD900D63E28 /* Build configuration list for PBXNativeTarget "[Challenge 2] Ficha Treino 2Tests" */;
			buildPhases = (
				EC7D01091897CBD900D63E28 /* Sources */,
				EC7D010A1897CBD900D63E28 /* Frameworks */,
				EC7D010B1897CBD900D63E28 /* Resources */,
			);
			buildRules = (
			);
			dependencies = (
				EC7D01131897CBD900D63E28 /* PBXTargetDependency */,
			);
			name = "[Challenge 2] Ficha Treino 2Tests";
			productName = "[Challenge 2] Ficha Treino 2Tests";
			productReference = EC7D010D1897CBD900D63E28 /* [Challenge 2] Ficha Treino 2Tests.xctest */;
			productType = "com.apple.product-type.bundle.unit-test";
		};
/* End PBXNativeTarget section */

/* Begin PBXProject section */
		EC7D00E41897CBD900D63E28 /* Project object */ = {
			isa = PBXProject;
			attributes = {
				LastUpgradeCheck = 0500;
				ORGANIZATIONNAME = BEPiD;
				TargetAttributes = {
					EC7D010C1897CBD900D63E28 = {
						TestTargetID = EC7D00EB1897CBD900D63E28;
					};
				};
			};
			buildConfigurationList = EC7D00E71897CBD900D63E28 /* Build configuration list for PBXProject "[Challenge 2] Ficha Treino 2" */;
			compatibilityVersion = "Xcode 3.2";
			developmentRegion = English;
			hasScannedForEncodings = 0;
			knownRegions = (
				en,
				Base,
			);
			mainGroup = EC7D00E31897CBD900D63E28;
			productRefGroup = EC7D00ED1897CBD900D63E28 /* Products */;
			projectDirPath = "";
			projectRoot = "";
			targets = (
				EC7D00EB1897CBD900D63E28 /* [Challenge 2] Ficha Treino 2 */,
				EC7D010C1897CBD900D63E28 /* [Challenge 2] Ficha Treino 2Tests */,
			);
		};
/* End PBXProject section */

/* Begin PBXResourcesBuildPhase section */
		EC7D00EA1897CBD900D63E28 /* Resources */ = {
			isa = PBXResourcesBuildPhase;
			buildActionMask = 2147483647;
			files = (
				EC7D01081897CBD900D63E28 /* Images.xcassets in Resources */,
				EC7D00FA1897CBD900D63E28 /* InfoPlist.strings in Resources */,
				EC7D01031897CBD900D63E28 /* Main.storyboard in Resources */,
				EC32298C18993A94009C34C1 /* hehehe1.wav in Resources */,
			);
			runOnlyForDeploymentPostprocessing = 0;
		};
		EC7D010B1897CBD900D63E28 /* Resources */ = {
			isa = PBXResourcesBuildPhase;
			buildActionMask = 2147483647;
			files = (
				EC7D01191897CBD900D63E28 /* InfoPlist.strings in Resources */,
			);
			runOnlyForDeploymentPostprocessing = 0;
		};
/* End PBXResourcesBuildPhase section */

/* Begin PBXSourcesBuildPhase section */
		EC7D00E81897CBD900D63E28 /* Sources */ = {
			isa = PBXSourcesBuildPhase;
			buildActionMask = 2147483647;
			files = (
				EC32298818992690009C34C1 /* TreinoViewController.m in Sources */,
				EC7D01001897CBD900D63E28 /* AppDelegate.m in Sources */,
				ED1D0FD7189FCBD300AECAC4 /* fichas.xcdatamodeld in Sources */,
				EC11C3AE18981F0600F7EC2E /* FichaViewController.m in Sources */,
				EC348CE718A2BCF300CD79D0 /* AddExercicioViewController.m in Sources */,
				EC2BC9EE18A3FEEA00ECD6A9 /* IniciarTreinoCell.m in Sources */,
				EC2BC9E518A3E94400ECD6A9 /* ExerciciosTemporarios.m in Sources */,
				EC2BC9E818A3F31C00ECD6A9 /* ExibeExercicioViewController.m in Sources */,
				EC348CE218A2B36900CD79D0 /* TreinoCell.m in Sources */,
				ED1D0FE3189FCC0500AECAC4 /* DadosFisicos.m in Sources */,
				EC61FDDB18A3B2CA009527DE /* FinishAddExercicioViewController.m in Sources */,
				EC322985189911DE009C34C1 /* CategoriaViewController.m in Sources */,
				EC4A58B218A1650B00C1FE01 /* LoadIniciarTreinoViewController.m in Sources */,
				EC7D00FC1897CBD900D63E28 /* main.m in Sources */,
				EC1BE47118A4FF7900B62AB6 /* EditarExercicioViewController.m in Sources */,
				EC1693FA18A007570055311B /* AddSexViewController.m in Sources */,
				EC61FDDE18A3B367009527DE /* BegymModel.m in Sources */,
				ED1D0FE0189FCC0500AECAC4 /* Treinos.m in Sources */,
				EC1693F1189FEB030055311B /* LoadUserViewController.m in Sources */,
				ED23DFA618A010CB0013D4B7 /* IrregularShapedButton.m in Sources */,
				ED1D0FE6189FCC0500AECAC4 /* Exercicio.m in Sources */,
				EC4B9AF718A26655002ADB4C /* CriarFichaViewController.m in Sources */,
				EC1693FD18A017D90055311B /* AddBirthdayViewController.m in Sources */,
				ED194E95189C076A006EE9F5 /* DadoFisico.m in Sources */,
				EC7D36F7189AC22D008BF3D3 /* DataStorage.m in Sources */,
				EC1BE46E18A4FB2900B62AB6 /* TreinoFinalizadoViewController.m in Sources */,
				ED1D0FE9189FCC0600AECAC4 /* Ficha.m in Sources */,
				EC348CDF18A2A4E100CD79D0 /* GerenciarTreinoViewController.m in Sources */,
				EC1693F718A006540055311B /* AddNameViewController.m in Sources */,
				ED1D0FDD189FCC0500AECAC4 /* Pessoa.m in Sources */,
				ED23DFA218A010360013D4B7 /* UIImage-Alpha.m in Sources */,
				EC4B9AF318A260EA002ADB4C /* LoadFichaViewController.m in Sources */,
				ED1D0FDA189FCC0500AECAC4 /* Exerciciopadrao.m in Sources */,
			);
			runOnlyForDeploymentPostprocessing = 0;
		};
		EC7D01091897CBD900D63E28 /* Sources */ = {
			isa = PBXSourcesBuildPhase;
			buildActionMask = 2147483647;
			files = (
				EC7D011B1897CBD900D63E28 /* _Challenge_2__Ficha_Treino_2Tests.m in Sources */,
			);
			runOnlyForDeploymentPostprocessing = 0;
		};
/* End PBXSourcesBuildPhase section */

/* Begin PBXTargetDependency section */
		EC7D01131897CBD900D63E28 /* PBXTargetDependency */ = {
			isa = PBXTargetDependency;
			target = EC7D00EB1897CBD900D63E28 /* [Challenge 2] Ficha Treino 2 */;
			targetProxy = EC7D01121897CBD900D63E28 /* PBXContainerItemProxy */;
		};
/* End PBXTargetDependency section */

/* Begin PBXVariantGroup section */
		EC7D00F81897CBD900D63E28 /* InfoPlist.strings */ = {
			isa = PBXVariantGroup;
			children = (
				EC7D00F91897CBD900D63E28 /* en */,
			);
			name = InfoPlist.strings;
			sourceTree = "<group>";
		};
		EC7D01011897CBD900D63E28 /* Main.storyboard */ = {
			isa = PBXVariantGroup;
			children = (
				EC7D01021897CBD900D63E28 /* Base */,
			);
			name = Main.storyboard;
			sourceTree = "<group>";
		};
		EC7D01171897CBD900D63E28 /* InfoPlist.strings */ = {
			isa = PBXVariantGroup;
			children = (
				EC7D01181897CBD900D63E28 /* en */,
			);
			name = InfoPlist.strings;
			sourceTree = "<group>";
		};
/* End PBXVariantGroup section */

/* Begin XCBuildConfiguration section */
		EC7D011C1897CBD900D63E28 /* Debug */ = {
			isa = XCBuildConfiguration;
			buildSettings = {
				ALWAYS_SEARCH_USER_PATHS = NO;
				ARCHS = "$(ARCHS_STANDARD_INCLUDING_64_BIT)";
				CLANG_CXX_LANGUAGE_STANDARD = "gnu++0x";
				CLANG_CXX_LIBRARY = "libc++";
				CLANG_ENABLE_MODULES = YES;
				CLANG_ENABLE_OBJC_ARC = YES;
				CLANG_WARN_BOOL_CONVERSION = YES;
				CLANG_WARN_CONSTANT_CONVERSION = YES;
				CLANG_WARN_DIRECT_OBJC_ISA_USAGE = YES_ERROR;
				CLANG_WARN_EMPTY_BODY = YES;
				CLANG_WARN_ENUM_CONVERSION = YES;
				CLANG_WARN_INT_CONVERSION = YES;
				CLANG_WARN_OBJC_ROOT_CLASS = YES_ERROR;
				CLANG_WARN__DUPLICATE_METHOD_MATCH = YES;
				"CODE_SIGN_IDENTITY[sdk=iphoneos*]" = "iPhone Developer";
				COPY_PHASE_STRIP = NO;
				GCC_C_LANGUAGE_STANDARD = gnu99;
				GCC_DYNAMIC_NO_PIC = NO;
				GCC_OPTIMIZATION_LEVEL = 0;
				GCC_PREPROCESSOR_DEFINITIONS = (
					"DEBUG=1",
					"$(inherited)",
				);
				GCC_SYMBOLS_PRIVATE_EXTERN = NO;
				GCC_WARN_64_TO_32_BIT_CONVERSION = YES;
				GCC_WARN_ABOUT_RETURN_TYPE = YES_ERROR;
				GCC_WARN_UNDECLARED_SELECTOR = YES;
				GCC_WARN_UNINITIALIZED_AUTOS = YES;
				GCC_WARN_UNUSED_FUNCTION = YES;
				GCC_WARN_UNUSED_VARIABLE = YES;
				IPHONEOS_DEPLOYMENT_TARGET = 7.0;
				ONLY_ACTIVE_ARCH = YES;
				SDKROOT = iphoneos;
			};
			name = Debug;
		};
		EC7D011D1897CBD900D63E28 /* Release */ = {
			isa = XCBuildConfiguration;
			buildSettings = {
				ALWAYS_SEARCH_USER_PATHS = NO;
				ARCHS = "$(ARCHS_STANDARD_INCLUDING_64_BIT)";
				CLANG_CXX_LANGUAGE_STANDARD = "gnu++0x";
				CLANG_CXX_LIBRARY = "libc++";
				CLANG_ENABLE_MODULES = YES;
				CLANG_ENABLE_OBJC_ARC = YES;
				CLANG_WARN_BOOL_CONVERSION = YES;
				CLANG_WARN_CONSTANT_CONVERSION = YES;
				CLANG_WARN_DIRECT_OBJC_ISA_USAGE = YES_ERROR;
				CLANG_WARN_EMPTY_BODY = YES;
				CLANG_WARN_ENUM_CONVERSION = YES;
				CLANG_WARN_INT_CONVERSION = YES;
				CLANG_WARN_OBJC_ROOT_CLASS = YES_ERROR;
				CLANG_WARN__DUPLICATE_METHOD_MATCH = YES;
				"CODE_SIGN_IDENTITY[sdk=iphoneos*]" = "iPhone Developer";
				COPY_PHASE_STRIP = YES;
				ENABLE_NS_ASSERTIONS = NO;
				GCC_C_LANGUAGE_STANDARD = gnu99;
				GCC_WARN_64_TO_32_BIT_CONVERSION = YES;
				GCC_WARN_ABOUT_RETURN_TYPE = YES_ERROR;
				GCC_WARN_UNDECLARED_SELECTOR = YES;
				GCC_WARN_UNINITIALIZED_AUTOS = YES;
				GCC_WARN_UNUSED_FUNCTION = YES;
				GCC_WARN_UNUSED_VARIABLE = YES;
				IPHONEOS_DEPLOYMENT_TARGET = 7.0;
				SDKROOT = iphoneos;
				VALIDATE_PRODUCT = YES;
			};
			name = Release;
		};
		EC7D011F1897CBD900D63E28 /* Debug */ = {
			isa = XCBuildConfiguration;
			buildSettings = {
				ASSETCATALOG_COMPILER_APPICON_NAME = AppIcon;
				ASSETCATALOG_COMPILER_LAUNCHIMAGE_NAME = LaunchImage;
				GCC_PRECOMPILE_PREFIX_HEADER = YES;
				GCC_PREFIX_HEADER = "[Challenge 2] Ficha Treino 2/[Challenge 2] Ficha Treino 2-Prefix.pch";
				INFOPLIST_FILE = "[Challenge 2] Ficha Treino 2/[Challenge 2] Ficha Treino 2-Info.plist";
				PRODUCT_NAME = "$(TARGET_NAME)";
				WRAPPER_EXTENSION = app;
			};
			name = Debug;
		};
		EC7D01201897CBD900D63E28 /* Release */ = {
			isa = XCBuildConfiguration;
			buildSettings = {
				ASSETCATALOG_COMPILER_APPICON_NAME = AppIcon;
				ASSETCATALOG_COMPILER_LAUNCHIMAGE_NAME = LaunchImage;
				GCC_PRECOMPILE_PREFIX_HEADER = YES;
				GCC_PREFIX_HEADER = "[Challenge 2] Ficha Treino 2/[Challenge 2] Ficha Treino 2-Prefix.pch";
				INFOPLIST_FILE = "[Challenge 2] Ficha Treino 2/[Challenge 2] Ficha Treino 2-Info.plist";
				PRODUCT_NAME = "$(TARGET_NAME)";
				WRAPPER_EXTENSION = app;
			};
			name = Release;
		};
		EC7D01221897CBD900D63E28 /* Debug */ = {
			isa = XCBuildConfiguration;
			buildSettings = {
				ARCHS = "$(ARCHS_STANDARD_INCLUDING_64_BIT)";
				BUNDLE_LOADER = "$(BUILT_PRODUCTS_DIR)/[Challenge 2] Ficha Treino 2.app/[Challenge 2] Ficha Treino 2";
				FRAMEWORK_SEARCH_PATHS = (
					"$(SDKROOT)/Developer/Library/Frameworks",
					"$(inherited)",
					"$(DEVELOPER_FRAMEWORKS_DIR)",
				);
				GCC_PRECOMPILE_PREFIX_HEADER = YES;
				GCC_PREFIX_HEADER = "[Challenge 2] Ficha Treino 2/[Challenge 2] Ficha Treino 2-Prefix.pch";
				GCC_PREPROCESSOR_DEFINITIONS = (
					"DEBUG=1",
					"$(inherited)",
				);
				INFOPLIST_FILE = "[Challenge 2] Ficha Treino 2Tests/[Challenge 2] Ficha Treino 2Tests-Info.plist";
				PRODUCT_NAME = "$(TARGET_NAME)";
				TEST_HOST = "$(BUNDLE_LOADER)";
				WRAPPER_EXTENSION = xctest;
			};
			name = Debug;
		};
		EC7D01231897CBD900D63E28 /* Release */ = {
			isa = XCBuildConfiguration;
			buildSettings = {
				ARCHS = "$(ARCHS_STANDARD_INCLUDING_64_BIT)";
				BUNDLE_LOADER = "$(BUILT_PRODUCTS_DIR)/[Challenge 2] Ficha Treino 2.app/[Challenge 2] Ficha Treino 2";
				FRAMEWORK_SEARCH_PATHS = (
					"$(SDKROOT)/Developer/Library/Frameworks",
					"$(inherited)",
					"$(DEVELOPER_FRAMEWORKS_DIR)",
				);
				GCC_PRECOMPILE_PREFIX_HEADER = YES;
				GCC_PREFIX_HEADER = "[Challenge 2] Ficha Treino 2/[Challenge 2] Ficha Treino 2-Prefix.pch";
				INFOPLIST_FILE = "[Challenge 2] Ficha Treino 2Tests/[Challenge 2] Ficha Treino 2Tests-Info.plist";
				PRODUCT_NAME = "$(TARGET_NAME)";
				TEST_HOST = "$(BUNDLE_LOADER)";
				WRAPPER_EXTENSION = xctest;
			};
			name = Release;
		};
/* End XCBuildConfiguration section */

/* Begin XCConfigurationList section */
		EC7D00E71897CBD900D63E28 /* Build configuration list for PBXProject "[Challenge 2] Ficha Treino 2" */ = {
			isa = XCConfigurationList;
			buildConfigurations = (
				EC7D011C1897CBD900D63E28 /* Debug */,
				EC7D011D1897CBD900D63E28 /* Release */,
			);
			defaultConfigurationIsVisible = 0;
			defaultConfigurationName = Release;
		};
		EC7D011E1897CBD900D63E28 /* Build configuration list for PBXNativeTarget "[Challenge 2] Ficha Treino 2" */ = {
			isa = XCConfigurationList;
			buildConfigurations = (
				EC7D011F1897CBD900D63E28 /* Debug */,
				EC7D01201897CBD900D63E28 /* Release */,
			);
			defaultConfigurationIsVisible = 0;
			defaultConfigurationName = Release;
		};
		EC7D01211897CBD900D63E28 /* Build configuration list for PBXNativeTarget "[Challenge 2] Ficha Treino 2Tests" */ = {
			isa = XCConfigurationList;
			buildConfigurations = (
				EC7D01221897CBD900D63E28 /* Debug */,
				EC7D01231897CBD900D63E28 /* Release */,
			);
			defaultConfigurationIsVisible = 0;
			defaultConfigurationName = Release;
		};
/* End XCConfigurationList section */

/* Begin XCVersionGroup section */
		ED1D0FD5189FCBD300AECAC4 /* fichas.xcdatamodeld */ = {
			isa = XCVersionGroup;
			children = (
				EC4B9AF018A25A05002ADB4C /* fichas 3.xcdatamodel */,
				EC4B9AEE18A256FF002ADB4C /* fichas 2.xcdatamodel */,
				ED1D0FD6189FCBD300AECAC4 /* fichas.xcdatamodel */,
			);
			currentVersion = EC4B9AF018A25A05002ADB4C /* fichas 3.xcdatamodel */;
			path = fichas.xcdatamodeld;
			sourceTree = "<group>";
			versionGroupType = wrapper.xcdatamodel;
		};
/* End XCVersionGroup section */
	};
	rootObject = EC7D00E41897CBD900D63E28 /* Project object */;
}
